
Microsoft Visual Studio Solution File, Format Version 12.00
# Visual Studio Version 17
VisualStudioVersion = 17.0.31919.166
MinimumVisualStudioVersion = 10.0.40219.1
Project("{FAE04EC0-301F-11D3-BF4B-00C04F79EFBC}") = "BulkyBook", "BulkyBook\BulkyBook.csproj", "{C557D1C0-783E-4D16-B225-346BEB16041B}"
EndProject
Global
	GlobalSection(SolutionConfigurationPlatforms) = preSolution
		Debug|Any CPU = Debug|Any CPU
		Release|Any CPU = Release|Any CPU
	EndGlobalSection
	GlobalSection(ProjectConfigurationPlatforms) = postSolution
		{C557D1C0-783E-4D16-B225-346BEB16041B}.Debug|Any CPU.ActiveCfg = Debug|Any CPU
		{C557D1C0-783E-4D16-B225-346BEB16041B}.Debug|Any CPU.Build.0 = Debug|Any CPU
		{C557D1C0-783E-4D16-B225-346BEB16041B}.Release|Any CPU.ActiveCfg = Release|Any CPU
		{C557D1C0-783E-4D16-B225-346BEB16041B}.Release|Any CPU.Build.0 = Release|Any CPU
	EndGlobalSection
	GlobalSection(SolutionProperties) = preSolution
		HideSolutionNode = FALSE
	EndGlobalSection
	GlobalSection(ExtensibilityGlobals) = postSolution
		SolutionGuid = {63D73D7C-457C-4FED-8A10-E72DD2D05505}
	EndGlobalSection
EndGlobal
